
Microsoft Visual Studio Solution File, Format Version 11.00
# Visual Studio 2010
Project("{8BC9CEB8-8B4A-11D0-8D11-00A0C91BC942}") = "MightyCasl", "MightyCasl.vcxproj", "{09F8EE38-A6CF-C521-EF17-B0EDC1090BD7}"
EndProject
Global
	GlobalSection(SourceCodeControl) = preSolution
		SccNumberOfProjects = 1
		SccProjectUniqueName0 = MightyCasl.vcxproj
		SccProjectName0 = \u0022$/MightyCasl\u0020II\u0022,\u0020BAAAAAAA
		SccLocalPath0 = .
		SccProvider0 = MSSCCI:Microsoft\u0020Visual\u0020SourceSafe
	EndGlobalSection
	GlobalSection(SolutionConfigurationPlatforms) = preSolution
		Debug|Win32 = Debug|Win32
		Release|Win32 = Release|Win32
	EndGlobalSection
	GlobalSection(ProjectConfigurationPlatforms) = postSolution
		{09F8EE38-A6CF-C521-EF17-B0EDC1090BD7}.Debug|Win32.ActiveCfg = Debug|Win32
		{09F8EE38-A6CF-C521-EF17-B0EDC1090BD7}.Debug|Win32.Build.0 = Debug|Win32
		{09F8EE38-A6CF-C521-EF17-B0EDC1090BD7}.Release|Win32.ActiveCfg = Release|Win32
		{09F8EE38-A6CF-C521-EF17-B0EDC1090BD7}.Release|Win32.Build.0 = Release|Win32
	EndGlobalSection
	GlobalSection(SolutionProperties) = preSolution
		HideSolutionNode = FALSE
	EndGlobalSection
EndGlobal
